# This file is automatically @generated by Cargo.
# It is not intended for manual editing.
[[package]]
name = "accept-language"
version = "2.0.0"
source = "registry+https://github.com/rust-lang/crates.io-index"

[[package]]
name = "enum-iterator"
version = "0.6.0"
source = "registry+https://github.com/rust-lang/crates.io-index"
dependencies = [
 "enum-iterator-derive 0.6.0 (registry+https://github.com/rust-lang/crates.io-index)",
]

[[package]]
name = "enum-iterator-derive"
version = "0.6.0"
source = "registry+https://github.com/rust-lang/crates.io-index"
dependencies = [
 "proc-macro2 1.0.26 (registry+https://github.com/rust-lang/crates.io-index)",
 "quote 1.0.9 (registry+https://github.com/rust-lang/crates.io-index)",
 "syn 1.0.71 (registry+https://github.com/rust-lang/crates.io-index)",
]

[[package]]
name = "proc-macro2"
version = "1.0.26"
source = "registry+https://github.com/rust-lang/crates.io-index"
dependencies = [
 "unicode-xid 0.2.1 (registry+https://github.com/rust-lang/crates.io-index)",
]

[[package]]
name = "quote"
version = "1.0.9"
source = "registry+https://github.com/rust-lang/crates.io-index"
dependencies = [
 "proc-macro2 1.0.26 (registry+https://github.com/rust-lang/crates.io-index)",
]

[[package]]
name = "realm-lang"
version = "0.1.0"
dependencies = [
 "accept-language 2.0.0 (registry+https://github.com/rust-lang/crates.io-index)",
 "enum-iterator 0.6.0 (registry+https://github.com/rust-lang/crates.io-index)",
 "enum-iterator-derive 0.6.0 (registry+https://github.com/rust-lang/crates.io-index)",
 "serde 1.0.125 (registry+https://github.com/rust-lang/crates.io-index)",
 "thiserror 1.0.24 (registry+https://github.com/rust-lang/crates.io-index)",
]

[[package]]
name = "serde"
version = "1.0.125"
source = "registry+https://github.com/rust-lang/crates.io-index"

[[package]]
name = "syn"
version = "1.0.71"
source = "registry+https://github.com/rust-lang/crates.io-index"
dependencies = [
 "proc-macro2 1.0.26 (registry+https://github.com/rust-lang/crates.io-index)",
 "quote 1.0.9 (registry+https://github.com/rust-lang/crates.io-index)",
 "unicode-xid 0.2.1 (registry+https://github.com/rust-lang/crates.io-index)",
]

[[package]]
name = "thiserror"
version = "1.0.24"
source = "registry+https://github.com/rust-lang/crates.io-index"
dependencies = [
 "thiserror-impl 1.0.24 (registry+https://github.com/rust-lang/crates.io-index)",
]

[[package]]
name = "thiserror-impl"
version = "1.0.24"
source = "registry+https://github.com/rust-lang/crates.io-index"
dependencies = [
 "proc-macro2 1.0.26 (registry+https://github.com/rust-lang/crates.io-index)",
 "quote 1.0.9 (registry+https://github.com/rust-lang/crates.io-index)",
 "syn 1.0.71 (registry+https://github.com/rust-lang/crates.io-index)",
]

[[package]]
name = "unicode-xid"
version = "0.2.1"
source = "registry+https://github.com/rust-lang/crates.io-index"

[metadata]
"checksum accept-language 2.0.0 (registry+https://github.com/rust-lang/crates.io-index)" = "c2bc21ffc9b77e9c31e733bb7e937c11dcf6157bb74f80bf94734110aa9b9ebc"
"checksum enum-iterator 0.6.0 (registry+https://github.com/rust-lang/crates.io-index)" = "c79a6321a1197d7730510c7e3f6cb80432dfefecb32426de8cea0aa19b4bb8d7"
"checksum enum-iterator-derive 0.6.0 (registry+https://github.com/rust-lang/crates.io-index)" = "1e94aa31f7c0dc764f57896dc615ddd76fc13b0d5dca7eb6cc5e018a5a09ec06"
"checksum proc-macro2 1.0.26 (registry+https://github.com/rust-lang/crates.io-index)" = "a152013215dca273577e18d2bf00fa862b89b24169fb78c4c95aeb07992c9cec"
"checksum quote 1.0.9 (registry+https://github.com/rust-lang/crates.io-index)" = "c3d0b9745dc2debf507c8422de05d7226cc1f0644216dfdfead988f9b1ab32a7"
"checksum serde 1.0.125 (registry+https://github.com/rust-lang/crates.io-index)" = "558dc50e1a5a5fa7112ca2ce4effcb321b0300c0d4ccf0776a9f60cd89031171"
"checksum syn 1.0.71 (registry+https://github.com/rust-lang/crates.io-index)" = "ad184cc9470f9117b2ac6817bfe297307418819ba40552f9b3846f05c33d5373"
"checksum thiserror 1.0.24 (registry+https://github.com/rust-lang/crates.io-index)" = "e0f4a65597094d4483ddaed134f409b2cb7c1beccf25201a9f73c719254fa98e"
"checksum thiserror-impl 1.0.24 (registry+https://github.com/rust-lang/crates.io-index)" = "7765189610d8241a44529806d6fd1f2e0a08734313a35d5b3a556f92b381f3c0"
"checksum unicode-xid 0.2.1 (registry+https://github.com/rust-lang/crates.io-index)" = "f7fe0bb3479651439c9112f72b6c505038574c9fbb575ed1bf3b797fa39dd564"
